
Microsoft Visual Studio Solution File, Format Version 12.00
# Visual Studio Version 17
VisualStudioVersion = 17.2.32526.322
MinimumVisualStudioVersion = 10.0.40219.1
Project("{FAE04EC0-301F-11D3-BF4B-00C04F79EFBC}") = "MedicineProject", "MedicineProject\MedicineProject.csproj", "{6AD25FE3-55DB-40C9-90C8-A0AD090E8725}"
EndProject
Global
	GlobalSection(SolutionConfigurationPlatforms) = preSolution
		Debug|Any CPU = Debug|Any CPU
		Release|Any CPU = Release|Any CPU
	EndGlobalSection
	GlobalSection(ProjectConfigurationPlatforms) = postSolution
		{6AD25FE3-55DB-40C9-90C8-A0AD090E8725}.Debug|Any CPU.ActiveCfg = Debug|Any CPU
		{6AD25FE3-55DB-40C9-90C8-A0AD090E8725}.Debug|Any CPU.Build.0 = Debug|Any CPU
		{6AD25FE3-55DB-40C9-90C8-A0AD090E8725}.Release|Any CPU.ActiveCfg = Release|Any CPU
		{6AD25FE3-55DB-40C9-90C8-A0AD090E8725}.Release|Any CPU.Build.0 = Release|Any CPU
	EndGlobalSection
	GlobalSection(SolutionProperties) = preSolution
		HideSolutionNode = FALSE
	EndGlobalSection
	GlobalSection(ExtensibilityGlobals) = postSolution
		SolutionGuid = {9D316CD1-5BA1-48BE-9089-FA40D0C13933}
	EndGlobalSection
EndGlobal
